
Microsoft Visual Studio Solution File, Format Version 12.00
# Visual Studio Version 17
VisualStudioVersion = 17.7.34009.444
MinimumVisualStudioVersion = 10.0.40219.1
Project("{8BC9CEB8-8B4A-11D0-8D11-00A0C91BC942}") = "Project2", "Project2.vcxproj", "{ABF673FA-87D4-4C00-B1AB-907D6BEAC541}"
EndProject
Global
	GlobalSection(SolutionConfigurationPlatforms) = preSolution
		Debug|x64 = Debug|x64
		Debug|x86 = Debug|x86
		Release|x64 = Release|x64
		Release|x86 = Release|x86
	EndGlobalSection
	GlobalSection(ProjectConfigurationPlatforms) = postSolution
		{ABF673FA-87D4-4C00-B1AB-907D6BEAC541}.Debug|x64.ActiveCfg = Debug|x64
		{ABF673FA-87D4-4C00-B1AB-907D6BEAC541}.Debug|x64.Build.0 = Debug|x64
		{ABF673FA-87D4-4C00-B1AB-907D6BEAC541}.Debug|x86.ActiveCfg = Debug|Win32
		{ABF673FA-87D4-4C00-B1AB-907D6BEAC541}.Debug|x86.Build.0 = Debug|Win32
		{ABF673FA-87D4-4C00-B1AB-907D6BEAC541}.Release|x64.ActiveCfg = Release|x64
		{ABF673FA-87D4-4C00-B1AB-907D6BEAC541}.Release|x64.Build.0 = Release|x64
		{ABF673FA-87D4-4C00-B1AB-907D6BEAC541}.Release|x86.ActiveCfg = Release|Win32
		{ABF673FA-87D4-4C00-B1AB-907D6BEAC541}.Release|x86.Build.0 = Release|Win32
	EndGlobalSection
	GlobalSection(SolutionProperties) = preSolution
		HideSolutionNode = FALSE
	EndGlobalSection
	GlobalSection(ExtensibilityGlobals) = postSolution
		SolutionGuid = {77B3A59C-B5C1-4679-A71F-454EA368A058}
	EndGlobalSection
EndGlobal
